// !$*UTF8*$!
{
	archiveVersion = 1;
	classes = {
	};
	objectVersion = 55;
	objects = {

/* Begin PBXBuildFile section */
		157433F127A62ACA00ADA86A /* AppDelegate.swift in Sources */ = {isa = PBXBuildFile; fileRef = 157433F027A62ACA00ADA86A /* AppDelegate.swift */; };
		157433F327A62ACA00ADA86A /* ContentView.swift in Sources */ = {isa = PBXBuildFile; fileRef = 157433F227A62ACA00ADA86A /* ContentView.swift */; };
		157433F527A62ACA00ADA86A /* Experience.rcproject in Sources */ = {isa = PBXBuildFile; fileRef = 157433F427A62ACA00ADA86A /* Experience.rcproject */; };
		157433F727A62ACB00ADA86A /* Assets.xcassets in Resources */ = {isa = PBXBuildFile; fileRef = 157433F627A62ACB00ADA86A /* Assets.xcassets */; };
		157433FA27A62ACB00ADA86A /* Preview Assets.xcassets in Resources */ = {isa = PBXBuildFile; fileRef = 157433F927A62ACB00ADA86A /* Preview Assets.xcassets */; };
		1574340427A62ACB00ADA86A /* In_My_HouseTests.swift in Sources */ = {isa = PBXBuildFile; fileRef = 1574340327A62ACB00ADA86A /* In_My_HouseTests.swift */; };
		1574340E27A62ACB00ADA86A /* In_My_HouseUITests.swift in Sources */ = {isa = PBXBuildFile; fileRef = 1574340D27A62ACB00ADA86A /* In_My_HouseUITests.swift */; };
		1574341027A62ACB00ADA86A /* In_My_HouseUITestsLaunchTests.swift in Sources */ = {isa = PBXBuildFile; fileRef = 1574340F27A62ACB00ADA86A /* In_My_HouseUITestsLaunchTests.swift */; };
/* End PBXBuildFile section */

/* Begin PBXContainerItemProxy section */
		1574340027A62ACB00ADA86A /* PBXContainerItemProxy */ = {
			isa = PBXContainerItemProxy;
			containerPortal = 157433E527A62ACA00ADA86A /* Project object */;
			proxyType = 1;
			remoteGlobalIDString = 157433EC27A62ACA00ADA86A;
			remoteInfo = "In My House";
		};
		1574340A27A62ACB00ADA86A /* PBXContainerItemProxy */ = {
			isa = PBXContainerItemProxy;
			containerPortal = 157433E527A62ACA00ADA86A /* Project object */;
			proxyType = 1;
			remoteGlobalIDString = 157433EC27A62ACA00ADA86A;
			remoteInfo = "In My House";
		};
/* End PBXContainerItemProxy section */

/* Begin PBXFileReference section */
		157433ED27A62ACA00ADA86A /* In My House.app */ = {isa = PBXFileReference; explicitFileType = wrapper.application; includeInIndex = 0; path = "In My House.app"; sourceTree = BUILT_PRODUCTS_DIR; };
		157433F027A62ACA00ADA86A /* AppDelegate.swift */ = {isa = PBXFileReference; lastKnownFileType = sourcecode.swift; path = AppDelegate.swift; sourceTree = "<group>"; };
		157433F227A62ACA00ADA86A /* ContentView.swift */ = {isa = PBXFileReference; lastKnownFileType = sourcecode.swift; path = ContentView.swift; sourceTree = "<group>"; };
		157433F427A62ACA00ADA86A /* Experience.rcproject */ = {isa = PBXFileReference; lastKnownFileType = file.rcproject; path = Experience.rcproject; sourceTree = "<group>"; };
		157433F627A62ACB00ADA86A /* Assets.xcassets */ = {isa = PBXFileReference; lastKnownFileType = folder.assetcatalog; path = Assets.xcassets; sourceTree = "<group>"; };
		157433F927A62ACB00ADA86A /* Preview Assets.xcassets */ = {isa = PBXFileReference; lastKnownFileType = folder.assetcatalog; path = "Preview Assets.xcassets"; sourceTree = "<group>"; };
		157433FF27A62ACB00ADA86A /* In My HouseTests.xctest */ = {isa = PBXFileReference; explicitFileType = wrapper.cfbundle; includeInIndex = 0; path = "In My HouseTests.xctest"; sourceTree = BUILT_PRODUCTS_DIR; };
		1574340327A62ACB00ADA86A /* In_My_HouseTests.swift */ = {isa = PBXFileReference; lastKnownFileType = sourcecode.swift; path = In_My_HouseTests.swift; sourceTree = "<group>"; };
		1574340927A62ACB00ADA86A /* In My HouseUITests.xctest */ = {isa = PBXFileReference; explicitFileType = wrapper.cfbundle; includeInIndex = 0; path = "In My HouseUITests.xctest"; sourceTree = BUILT_PRODUCTS_DIR; };
		1574340D27A62ACB00ADA86A /* In_My_HouseUITests.swift */ = {isa = PBXFileReference; lastKnownFileType = sourcecode.swift; path = In_My_HouseUITests.swift; sourceTree = "<group>"; };
		1574340F27A62ACB00ADA86A /* In_My_HouseUITestsLaunchTests.swift */ = {isa = PBXFileReference; lastKnownFileType = sourcecode.swift; path = In_My_HouseUITestsLaunchTests.swift; sourceTree = "<group>"; };
/* End PBXFileReference section */

/* Begin PBXFrameworksBuildPhase section */
		157433EA27A62ACA00ADA86A /* Frameworks */ = {
			isa = PBXFrameworksBuildPhase;
			buildActionMask = 2147483647;
			files = (
			);
			runOnlyForDeploymentPostprocessing = 0;
		};
		157433FC27A62ACB00ADA86A /* Frameworks */ = {
			isa = PBXFrameworksBuildPhase;
			buildActionMask = 2147483647;
			files = (
			);
			runOnlyForDeploymentPostprocessing = 0;
		};
		1574340627A62ACB00ADA86A /* Frameworks */ = {
			isa = PBXFrameworksBuildPhase;
			buildActionMask = 2147483647;
			files = (
			);
			runOnlyForDeploymentPostprocessing = 0;
		};
/* End PBXFrameworksBuildPhase section */

/* Begin PBXGroup section */
		157433E427A62ACA00ADA86A = {
			isa = PBXGroup;
			children = (
				157433EF27A62ACA00ADA86A /* In My House */,
				1574340227A62ACB00ADA86A /* In My HouseTests */,
				1574340C27A62ACB00ADA86A /* In My HouseUITests */,
				157433EE27A62ACA00ADA86A /* Products */,
			);
			sourceTree = "<group>";
		};
		157433EE27A62ACA00ADA86A /* Products */ = {
			isa = PBXGroup;
			children = (
				157433ED27A62ACA00ADA86A /* In My House.app */,
				157433FF27A62ACB00ADA86A /* In My HouseTests.xctest */,
				1574340927A62ACB00ADA86A /* In My HouseUITests.xctest */,
			);
			name = Products;
			sourceTree = "<group>";
		};
		157433EF27A62ACA00ADA86A /* In My House */ = {
			isa = PBXGroup;
			children = (
				157433F027A62ACA00ADA86A /* AppDelegate.swift */,
				157433F227A62ACA00ADA86A /* ContentView.swift */,
				157433F427A62ACA00ADA86A /* Experience.rcproject */,
				157433F627A62ACB00ADA86A /* Assets.xcassets */,
				157433F827A62ACB00ADA86A /* Preview Content */,
			);
			path = "In My House";
			sourceTree = "<group>";
		};
		157433F827A62ACB00ADA86A /* Preview Content */ = {
			isa = PBXGroup;
			children = (
				157433F927A62ACB00ADA86A /* Preview Assets.xcassets */,
			);
			path = "Preview Content";
			sourceTree = "<group>";
		};
		1574340227A62ACB00ADA86A /* In My HouseTests */ = {
			isa = PBXGroup;
			children = (
				1574340327A62ACB00ADA86A /* In_My_HouseTests.swift */,
			);
			path = "In My HouseTests";
			sourceTree = "<group>";
		};
		1574340C27A62ACB00ADA86A /* In My HouseUITests */ = {
			isa = PBXGroup;
			children = (
				1574340D27A62ACB00ADA86A /* In_My_HouseUITests.swift */,
				1574340F27A62ACB00ADA86A /* In_My_HouseUITestsLaunchTests.swift */,
			);
			path = "In My HouseUITests";
			sourceTree = "<group>";
		};
/* End PBXGroup section */

/* Begin PBXNativeTarget section */
		157433EC27A62ACA00ADA86A /* In My House */ = {
			isa = PBXNativeTarget;
			buildConfigurationList = 1574341327A62ACB00ADA86A /* Build configuration list for PBXNativeTarget "In My House" */;
			buildPhases = (
				157433E927A62ACA00ADA86A /* Sources */,
				157433EA27A62ACA00ADA86A /* Frameworks */,
				157433EB27A62ACA00ADA86A /* Resources */,
			);
			buildRules = (
			);
			dependencies = (
			);
			name = "In My House";
			productName = "In My House";
			productReference = 157433ED27A62ACA00ADA86A /* In My House.app */;
			productType = "com.apple.product-type.application";
		};
		157433FE27A62ACB00ADA86A /* In My HouseTests */ = {
			isa = PBXNativeTarget;
			buildConfigurationList = 1574341627A62ACB00ADA86A /* Build configuration list for PBXNativeTarget "In My HouseTests" */;
			buildPhases = (
				157433FB27A62ACB00ADA86A /* Sources */,
				157433FC27A62ACB00ADA86A /* Frameworks */,
				157433FD27A62ACB00ADA86A /* Resources */,
			);
			buildRules = (
			);
			dependencies = (
				1574340127A62ACB00ADA86A /* PBXTargetDependency */,
			);
			name = "In My HouseTests";
			productName = "In My HouseTests";
			productReference = 157433FF27A62ACB00ADA86A /* In My HouseTests.xctest */;
			productType = "com.apple.product-type.bundle.unit-test";
		};
		1574340827A62ACB00ADA86A /* In My HouseUITests */ = {
			isa = PBXNativeTarget;
			buildConfigurationList = 1574341927A62ACB00ADA86A /* Build configuration list for PBXNativeTarget "In My HouseUITests" */;
			buildPhases = (
				1574340527A62ACB00ADA86A /* Sources */,
				1574340627A62ACB00ADA86A /* Frameworks */,
				1574340727A62ACB00ADA86A /* Resources */,
			);
			buildRules = (
			);
			dependencies = (
				1574340B27A62ACB00ADA86A /* PBXTargetDependency */,
			);
			name = "In My HouseUITests";
			productName = "In My HouseUITests";
			productReference = 1574340927A62ACB00ADA86A /* In My HouseUITests.xctest */;
			productType = "com.apple.product-type.bundle.ui-testing";
		};
/* End PBXNativeTarget section */

/* Begin PBXProject section */
		157433E527A62ACA00ADA86A /* Project object */ = {
			isa = PBXProject;
			attributes = {
				BuildIndependentTargetsInParallel = 1;
				LastSwiftUpdateCheck = 1320;
				LastUpgradeCheck = 1320;
				TargetAttributes = {
					157433EC27A62ACA00ADA86A = {
						CreatedOnToolsVersion = 13.2.1;
					};
					157433FE27A62ACB00ADA86A = {
						CreatedOnToolsVersion = 13.2.1;
						TestTargetID = 157433EC27A62ACA00ADA86A;
					};
					1574340827A62ACB00ADA86A = {
						CreatedOnToolsVersion = 13.2.1;
						TestTargetID = 157433EC27A62ACA00ADA86A;
					};
				};
			};
			buildConfigurationList = 157433E827A62ACA00ADA86A /* Build configuration list for PBXProject "In My House" */;
			compatibilityVersion = "Xcode 13.0";
			developmentRegion = en;
			hasScannedForEncodings = 0;
			knownRegions = (
				en,
				Base,
			);
			mainGroup = 157433E427A62ACA00ADA86A;
			productRefGroup = 157433EE27A62ACA00ADA86A /* Products */;
			projectDirPath = "";
			projectRoot = "";
			targets = (
				157433EC27A62ACA00ADA86A /* In My House */,
				157433FE27A62ACB00ADA86A /* In My HouseTests */,
				1574340827A62ACB00ADA86A /* In My HouseUITests */,
			);
		};
/* End PBXProject section */

/* Begin PBXResourcesBuildPhase section */
		157433EB27A62ACA00ADA86A /* Resources */ = {
			isa = PBXResourcesBuildPhase;
			buildActionMask = 2147483647;
			files = (
				157433FA27A62ACB00ADA86A /* Preview Assets.xcassets in Resources */,
				157433F727A62ACB00ADA86A /* Assets.xcassets in Resources */,
			);
			runOnlyForDeploymentPostprocessing = 0;
		};
		157433FD27A62ACB00ADA86A /* Resources */ = {
			isa = PBXResourcesBuildPhase;
			buildActionMask = 2147483647;
			files = (
			);
			runOnlyForDeploymentPostprocessing = 0;
		};
		1574340727A62ACB00ADA86A /* Resources */ = {
			isa = PBXResourcesBuildPhase;
			buildActionMask = 2147483647;
			files = (
			);
			runOnlyForDeploymentPostprocessing = 0;
		};
/* End PBXResourcesBuildPhase section */

/* Begin PBXSourcesBuildPhase section */
		157433E927A62ACA00ADA86A /* Sources */ = {
			isa = PBXSourcesBuildPhase;
			buildActionMask = 2147483647;
			files = (
				157433F327A62ACA00ADA86A /* ContentView.swift in Sources */,
				157433F127A62ACA00ADA86A /* AppDelegate.swift in Sources */,
				157433F527A62ACA00ADA86A /* Experience.rcproject in Sources */,
			);
			runOnlyForDeploymentPostprocessing = 0;
		};
		157433FB27A62ACB00ADA86A /* Sources */ = {
			isa = PBXSourcesBuildPhase;
			buildActionMask = 2147483647;
			files = (
				1574340427A62ACB00ADA86A /* In_My_HouseTests.swift in Sources */,
			);
			runOnlyForDeploymentPostprocessing = 0;
		};
		1574340527A62ACB00ADA86A /* Sources */ = {
			isa = PBXSourcesBuildPhase;
			buildActionMask = 2147483647;
			files = (
				1574341027A62ACB00ADA86A /* In_My_HouseUITestsLaunchTests.swift in Sources */,
				1574340E27A62ACB00ADA86A /* In_My_HouseUITests.swift in Sources */,
			);
			runOnlyForDeploymentPostprocessing = 0;
		};
/* End PBXSourcesBuildPhase section */

/* Begin PBXTargetDependency section */
		1574340127A62ACB00ADA86A /* PBXTargetDependency */ = {
			isa = PBXTargetDependency;
			target = 157433EC27A62ACA00ADA86A /* In My House */;
			targetProxy = 1574340027A62ACB00ADA86A /* PBXContainerItemProxy */;
		};
		1574340B27A62ACB00ADA86A /* PBXTargetDependency */ = {
			isa = PBXTargetDependency;
			target = 157433EC27A62ACA00ADA86A /* In My House */;
			targetProxy = 1574340A27A62ACB00ADA86A /* PBXContainerItemProxy */;
		};
/* End PBXTargetDependency section */

/* Begin XCBuildConfiguration section */
		1574341127A62ACB00ADA86A /* Debug */ = {
			isa = XCBuildConfiguration;
			buildSettings = {
				ALWAYS_SEARCH_USER_PATHS = NO;
				CLANG_ANALYZER_NONNULL = YES;
				CLANG_ANALYZER_NUMBER_OBJECT_CONVERSION = YES_AGGRESSIVE;
				CLANG_CXX_LANGUAGE_STANDARD = "gnu++17";
				CLANG_CXX_LIBRARY = "libc++";
				CLANG_ENABLE_MODULES = YES;
				CLANG_ENABLE_OBJC_ARC = YES;
				CLANG_ENABLE_OBJC_WEAK = YES;
				CLANG_WARN_BLOCK_CAPTURE_AUTORELEASING = YES;
				CLANG_WARN_BOOL_CONVERSION = YES;
				CLANG_WARN_COMMA = YES;
				CLANG_WARN_CONSTANT_CONVERSION = YES;
				CLANG_WARN_DEPRECATED_OBJC_IMPLEMENTATIONS = YES;
				CLANG_WARN_DIRECT_OBJC_ISA_USAGE = YES_ERROR;
				CLANG_WARN_DOCUMENTATION_COMMENTS = YES;
				CLANG_WARN_EMPTY_BODY = YES;
				CLANG_WARN_ENUM_CONVERSION = YES;
				CLANG_WARN_INFINITE_RECURSION = YES;
				CLANG_WARN_INT_CONVERSION = YES;
				CLANG_WARN_NON_LITERAL_NULL_CONVERSION = YES;
				CLANG_WARN_OBJC_IMPLICIT_RETAIN_SELF = YES;
				CLANG_WARN_OBJC_LITERAL_CONVERSION = YES;
				CLANG_WARN_OBJC_ROOT_CLASS = YES_ERROR;
				CLANG_WARN_QUOTED_INCLUDE_IN_FRAMEWORK_HEADER = YES;
				CLANG_WARN_RANGE_LOOP_ANALYSIS = YES;
				CLANG_WARN_STRICT_PROTOTYPES = YES;
				CLANG_WARN_SUSPICIOUS_MOVE = YES;
				CLANG_WARN_UNGUARDED_AVAILABILITY = YES_AGGRESSIVE;
				CLANG_WARN_UNREACHABLE_CODE = YES;
				CLANG_WARN__DUPLICATE_METHOD_MATCH = YES;
				COPY_PHASE_STRIP = NO;
				DEBUG_INFORMATION_FORMAT = dwarf;
				ENABLE_STRICT_OBJC_MSGSEND = YES;
				ENABLE_TESTABILITY = YES;
				GCC_C_LANGUAGE_STANDARD = gnu11;
				GCC_DYNAMIC_NO_PIC = NO;
				GCC_NO_COMMON_BLOCKS = YES;
				GCC_OPTIMIZATION_LEVEL = 0;
				GCC_PREPROCESSOR_DEFINITIONS = (
					"DEBUG=1",
					"$(inherited)",
				);
				GCC_WARN_64_TO_32_BIT_CONVERSION = YES;
				GCC_WARN_ABOUT_RETURN_TYPE = YES_ERROR;
				GCC_WARN_UNDECLARED_SELECTOR = YES;
				GCC_WARN_UNINITIALIZED_AUTOS = YES_AGGRESSIVE;
				GCC_WARN_UNUSED_FUNCTION = YES;
				GCC_WARN_UNUSED_VARIABLE = YES;
				IPHONEOS_DEPLOYMENT_TARGET = 15.2;
				MTL_ENABLE_DEBUG_INFO = INCLUDE_SOURCE;
				MTL_FAST_MATH = YES;
				ONLY_ACTIVE_ARCH = YES;
				SDKROOT = iphoneos;
				SWIFT_ACTIVE_COMPILATION_CONDITIONS = DEBUG;
				SWIFT_OPTIMIZATION_LEVEL = "-Onone";
			};
			name = Debug;
		};
		1574341227A62ACB00ADA86A /* Release */ = {
			isa = XCBuildConfiguration;
			buildSettings = {
				ALWAYS_SEARCH_USER_PATHS = NO;
				CLANG_ANALYZER_NONNULL = YES;
				CLANG_ANALYZER_NUMBER_OBJECT_CONVERSION = YES_AGGRESSIVE;
				CLANG_CXX_LANGUAGE_STANDARD = "gnu++17";
				CLANG_CXX_LIBRARY = "libc++";
				CLANG_ENABLE_MODULES = YES;
				CLANG_ENABLE_OBJC_ARC = YES;
				CLANG_ENABLE_OBJC_WEAK = YES;
				CLANG_WARN_BLOCK_CAPTURE_AUTORELEASING = YES;
				CLANG_WARN_BOOL_CONVERSION = YES;
				CLANG_WARN_COMMA = YES;
				CLANG_WARN_CONSTANT_CONVERSION = YES;
				CLANG_WARN_DEPRECATED_OBJC_IMPLEMENTATIONS = YES;
				CLANG_WARN_DIRECT_OBJC_ISA_USAGE = YES_ERROR;
				CLANG_WARN_DOCUMENTATION_COMMENTS = YES;
				CLANG_WARN_EMPTY_BODY = YES;
				CLANG_WARN_ENUM_CONVERSION = YES;
				CLANG_WARN_INFINITE_RECURSION = YES;
				CLANG_WARN_INT_CONVERSION = YES;
				CLANG_WARN_NON_LITERAL_NULL_CONVERSION = YES;
				CLANG_WARN_OBJC_IMPLICIT_RETAIN_SELF = YES;
				CLANG_WARN_OBJC_LITERAL_CONVERSION = YES;
				CLANG_WARN_OBJC_ROOT_CLASS = YES_ERROR;
				CLANG_WARN_QUOTED_INCLUDE_IN_FRAMEWORK_HEADER = YES;
				CLANG_WARN_RANGE_LOOP_ANALYSIS = YES;
				CLANG_WARN_STRICT_PROTOTYPES = YES;
				CLANG_WARN_SUSPICIOUS_MOVE = YES;
				CLANG_WARN_UNGUARDED_AVAILABILITY = YES_AGGRESSIVE;
				CLANG_WARN_UNREACHABLE_CODE = YES;
				CLANG_WARN__DUPLICATE_METHOD_MATCH = YES;
				COPY_PHASE_STRIP = NO;
				DEBUG_INFORMATION_FORMAT = "dwarf-with-dsym";
				ENABLE_NS_ASSERTIONS = NO;
				ENABLE_STRICT_OBJC_MSGSEND = YES;
				GCC_C_LANGUAGE_STANDARD = gnu11;
				GCC_NO_COMMON_BLOCKS = YES;
				GCC_WARN_64_TO_32_BIT_CONVERSION = YES;
				GCC_WARN_ABOUT_RETURN_TYPE = YES_ERROR;
				GCC_WARN_UNDECLARED_SELECTOR = YES;
				GCC_WARN_UNINITIALIZED_AUTOS = YES_AGGRESSIVE;
				GCC_WARN_UNUSED_FUNCTION = YES;
				GCC_WARN_UNUSED_VARIABLE = YES;
				IPHONEOS_DEPLOYMENT_TARGET = 15.2;
				MTL_ENABLE_DEBUG_INFO = NO;
				MTL_FAST_MATH = YES;
				SDKROOT = iphoneos;
				SWIFT_COMPILATION_MODE = wholemodule;
				SWIFT_OPTIMIZATION_LEVEL = "-O";
				VALIDATE_PRODUCT = YES;
			};
			name = Release;
		};
		1574341427A62ACB00ADA86A /* Debug */ = {
			isa = XCBuildConfiguration;
			buildSettings = {
				ASSETCATALOG_COMPILER_APPICON_NAME = AppIcon;
				ASSETCATALOG_COMPILER_GLOBAL_ACCENT_COLOR_NAME = AccentColor;
				CODE_SIGN_IDENTITY = "Apple Development";
				CODE_SIGN_STYLE = Automatic;
				CURRENT_PROJECT_VERSION = 1;
				DEVELOPMENT_ASSET_PATHS = "\"In My House/Preview Content\"";
				DEVELOPMENT_TEAM = 4GAM4TW78H;
				ENABLE_PREVIEWS = YES;
				GENERATE_INFOPLIST_FILE = YES;
				INFOPLIST_KEY_NSCameraUsageDescription = "";
				INFOPLIST_KEY_UIApplicationSupportsIndirectInputEvents = YES;
				INFOPLIST_KEY_UILaunchScreen_Generation = YES;
				INFOPLIST_KEY_UIRequiredDeviceCapabilities = arkit;
				INFOPLIST_KEY_UIStatusBarHidden = YES;
				INFOPLIST_KEY_UISupportedInterfaceOrientations_iPad = "UIInterfaceOrientationPortrait UIInterfaceOrientationPortraitUpsideDown UIInterfaceOrientationLandscapeLeft UIInterfaceOrientationLandscapeRight";
				INFOPLIST_KEY_UISupportedInterfaceOrientations_iPhone = "UIInterfaceOrientationPortrait UIInterfaceOrientationLandscapeLeft UIInterfaceOrientationLandscapeRight";
				IPHONEOS_DEPLOYMENT_TARGET = 14.0;
				LD_RUNPATH_SEARCH_PATHS = (
					"$(inherited)",
					"@executable_path/Frameworks",
				);
				MARKETING_VERSION = 1.0;
				PRODUCT_BUNDLE_IDENTIFIER = "three205.In-My-House";
				PRODUCT_NAME = "$(TARGET_NAME)";
				PROVISIONING_PROFILE_SPECIFIER = "";
				SWIFT_EMIT_LOC_STRINGS = YES;
				SWIFT_VERSION = 5.0;
				TARGETED_DEVICE_FAMILY = "1,2";
			};
			name = Debug;
		};
		1574341527A62ACB00ADA86A /* Release */ = {
			isa = XCBuildConfiguration;
			buildSettings = {
				ASSETCATALOG_COMPILER_APPICON_NAME = AppIcon;
				ASSETCATALOG_COMPILER_GLOBAL_ACCENT_COLOR_NAME = AccentColor;
				CODE_SIGN_IDENTITY = "Apple Development";
				CODE_SIGN_STYLE = Automatic;
				CURRENT_PROJECT_VERSION = 1;
				DEVELOPMENT_ASSET_PATHS = "\"In My House/Preview Content\"";
				DEVELOPMENT_TEAM = 4GAM4TW78H;
				ENABLE_PREVIEWS = YES;
				GENERATE_INFOPLIST_FILE = YES;
				INFOPLIST_KEY_NSCameraUsageDescription = "";
				INFOPLIST_KEY_UIApplicationSupportsIndirectInputEvents = YES;
				INFOPLIST_KEY_UILaunchScreen_Generation = YES;
				INFOPLIST_KEY_UIRequiredDeviceCapabilities = arkit;
				INFOPLIST_KEY_UIStatusBarHidden = YES;
				INFOPLIST_KEY_UISupportedInterfaceOrientations_iPad = "UIInterfaceOrientationPortrait UIInterfaceOrientationPortraitUpsideDown UIInterfaceOrientationLandscapeLeft UIInterfaceOrientationLandscapeRight";
				INFOPLIST_KEY_UISupportedInterfaceOrientations_iPhone = "UIInterfaceOrientationPortrait UIInterfaceOrientationLandscapeLeft UIInterfaceOrientationLandscapeRight";
				IPHONEOS_DEPLOYMENT_TARGET = 14.0;
				LD_RUNPATH_SEARCH_PATHS = (
					"$(inherited)",
					"@executable_path/Frameworks",
				);
				MARKETING_VERSION = 1.0;
				PRODUCT_BUNDLE_IDENTIFIER = "three205.In-My-House";
				PRODUCT_NAME = "$(TARGET_NAME)";
				PROVISIONING_PROFILE_SPECIFIER = "";
				SWIFT_EMIT_LOC_STRINGS = YES;
				SWIFT_VERSION = 5.0;
				TARGETED_DEVICE_FAMILY = "1,2";
			};
			name = Release;
		};
		1574341727A62ACB00ADA86A /* Debug */ = {
			isa = XCBuildConfiguration;
			buildSettings = {
				ALWAYS_EMBED_SWIFT_STANDARD_LIBRARIES = YES;
				BUNDLE_LOADER = "$(TEST_HOST)";
				CODE_SIGN_STYLE = Automatic;
				CURRENT_PROJECT_VERSION = 1;
				DEVELOPMENT_TEAM = 4GAM4TW78H;
				GENERATE_INFOPLIST_FILE = YES;
				IPHONEOS_DEPLOYMENT_TARGET = 15.2;
				MARKETING_VERSION = 1.0;
				PRODUCT_BUNDLE_IDENTIFIER = "three205.In-My-HouseTests";
				PRODUCT_NAME = "$(TARGET_NAME)";
				SWIFT_EMIT_LOC_STRINGS = NO;
				SWIFT_VERSION = 5.0;
				TARGETED_DEVICE_FAMILY = "1,2";
				TEST_HOST = "$(BUILT_PRODUCTS_DIR)/In My House.app/In My House";
			};
			name = Debug;
		};
		1574341827A62ACB00ADA86A /* Release */ = {
			isa = XCBuildConfiguration;
			buildSettings = {
				ALWAYS_EMBED_SWIFT_STANDARD_LIBRARIES = YES;
				BUNDLE_LOADER = "$(TEST_HOST)";
				CODE_SIGN_STYLE = Automatic;
				CURRENT_PROJECT_VERSION = 1;
				DEVELOPMENT_TEAM = 4GAM4TW78H;
				GENERATE_INFOPLIST_FILE = YES;
				IPHONEOS_DEPLOYMENT_TARGET = 15.2;
				MARKETING_VERSION = 1.0;
				PRODUCT_BUNDLE_IDENTIFIER = "three205.In-My-HouseTests";
				PRODUCT_NAME = "$(TARGET_NAME)";
				SWIFT_EMIT_LOC_STRINGS = NO;
				SWIFT_VERSION = 5.0;
				TARGETED_DEVICE_FAMILY = "1,2";
				TEST_HOST = "$(BUILT_PRODUCTS_DIR)/In My House.app/In My House";
			};
			name = Release;
		};
		1574341A27A62ACB00ADA86A /* Debug */ = {
			isa = XCBuildConfiguration;
			buildSettings = {
				ALWAYS_EMBED_SWIFT_STANDARD_LIBRARIES = YES;
				CODE_SIGN_STYLE = Automatic;
				CURRENT_PROJECT_VERSION = 1;
				DEVELOPMENT_TEAM = 4GAM4TW78H;
				GENERATE_INFOPLIST_FILE = YES;
				MARKETING_VERSION = 1.0;
				PRODUCT_BUNDLE_IDENTIFIER = "three205.In-My-HouseUITests";
				PRODUCT_NAME = "$(TARGET_NAME)";
				SWIFT_EMIT_LOC_STRINGS = NO;
				SWIFT_VERSION = 5.0;
				TARGETED_DEVICE_FAMILY = "1,2";
				TEST_TARGET_NAME = "In My House";
			};
			name = Debug;
		};
		1574341B27A62ACB00ADA86A /* Release */ = {
			isa = XCBuildConfiguration;
			buildSettings = {
				ALWAYS_EMBED_SWIFT_STANDARD_LIBRARIES = YES;
				CODE_SIGN_STYLE = Automatic;
				CURRENT_PROJECT_VERSION = 1;
				DEVELOPMENT_TEAM = 4GAM4TW78H;
				GENERATE_INFOPLIST_FILE = YES;
				MARKETING_VERSION = 1.0;
				PRODUCT_BUNDLE_IDENTIFIER = "three205.In-My-HouseUITests";
				PRODUCT_NAME = "$(TARGET_NAME)";
				SWIFT_EMIT_LOC_STRINGS = NO;
				SWIFT_VERSION = 5.0;
				TARGETED_DEVICE_FAMILY = "1,2";
				TEST_TARGET_NAME = "In My House";
			};
			name = Release;
		};
/* End XCBuildConfiguration section */

/* Begin XCConfigurationList section */
		157433E827A62ACA00ADA86A /* Build configuration list for PBXProject "In My House" */ = {
			isa = XCConfigurationList;
			buildConfigurations = (
				1574341127A62ACB00ADA86A /* Debug */,
				1574341227A62ACB00ADA86A /* Release */,
			);
			defaultConfigurationIsVisible = 0;
			defaultConfigurationName = Release;
		};
		1574341327A62ACB00ADA86A /* Build configuration list for PBXNativeTarget "In My House" */ = {
			isa = XCConfigurationList;
			buildConfigurations = (
				1574341427A62ACB00ADA86A /* Debug */,
				1574341527A62ACB00ADA86A /* Release */,
			);
			defaultConfigurationIsVisible = 0;
			defaultConfigurationName = Release;
		};
		1574341627A62ACB00ADA86A /* Build configuration list for PBXNativeTarget "In My HouseTests" */ = {
			isa = XCConfigurationList;
			buildConfigurations = (
				1574341727A62ACB00ADA86A /* Debug */,
				1574341827A62ACB00ADA86A /* Release */,
			);
			defaultConfigurationIsVisible = 0;
			defaultConfigurationName = Release;
		};
		1574341927A62ACB00ADA86A /* Build configuration list for PBXNativeTarget "In My HouseUITests" */ = {
			isa = XCConfigurationList;
			buildConfigurations = (
				1574341A27A62ACB00ADA86A /* Debug */,
				1574341B27A62ACB00ADA86A /* Release */,
			);
			defaultConfigurationIsVisible = 0;
			defaultConfigurationName = Release;
		};
/* End XCConfigurationList section */
	};
	rootObject = 157433E527A62ACA00ADA86A /* Project object */;
}
